
Microsoft Visual Studio Solution File, Format Version 12.00
# Visual Studio Version 16
VisualStudioVersion = 16.0.30907.101
MinimumVisualStudioVersion = 10.0.40219.1
Project("{FAE04EC0-301F-11D3-BF4B-00C04F79EFBC}") = "AlgorithmCYK", "AlgorithmCYK\AlgorithmCYK.csproj", "{6C4FE3BC-D462-4613-B6C4-F50BF8AE755A}"
EndProject
Global
	GlobalSection(SolutionConfigurationPlatforms) = preSolution
		Debug|Any CPU = Debug|Any CPU
		Release|Any CPU = Release|Any CPU
	EndGlobalSection
	GlobalSection(ProjectConfigurationPlatforms) = postSolution
		{6C4FE3BC-D462-4613-B6C4-F50BF8AE755A}.Debug|Any CPU.ActiveCfg = Debug|Any CPU
		{6C4FE3BC-D462-4613-B6C4-F50BF8AE755A}.Debug|Any CPU.Build.0 = Debug|Any CPU
		{6C4FE3BC-D462-4613-B6C4-F50BF8AE755A}.Release|Any CPU.ActiveCfg = Release|Any CPU
		{6C4FE3BC-D462-4613-B6C4-F50BF8AE755A}.Release|Any CPU.Build.0 = Release|Any CPU
	EndGlobalSection
	GlobalSection(SolutionProperties) = preSolution
		HideSolutionNode = FALSE
	EndGlobalSection
	GlobalSection(ExtensibilityGlobals) = postSolution
		SolutionGuid = {037AA1C3-D5DB-46F8-9FC2-794561DED0D2}
	EndGlobalSection
EndGlobal
